
Microsoft Visual Studio Solution File, Format Version 12.00
# Visual Studio Version 16
VisualStudioVersion = 16.0.30517.126
MinimumVisualStudioVersion = 10.0.40219.1
Project("{FAE04EC0-301F-11D3-BF4B-00C04F79EFBC}") = "D2SoloEnabler", "D2SoloEnabler.csproj", "{789387BE-15F7-452C-B3AF-D15B57115E18}"
EndProject
Global
	GlobalSection(SolutionConfigurationPlatforms) = preSolution
		Debug|Any CPU = Debug|Any CPU
		Release|Any CPU = Release|Any CPU
	EndGlobalSection
	GlobalSection(ProjectConfigurationPlatforms) = postSolution
		{789387BE-15F7-452C-B3AF-D15B57115E18}.Debug|Any CPU.ActiveCfg = Debug|Any CPU
		{789387BE-15F7-452C-B3AF-D15B57115E18}.Debug|Any CPU.Build.0 = Debug|Any CPU
		{789387BE-15F7-452C-B3AF-D15B57115E18}.Release|Any CPU.ActiveCfg = Release|Any CPU
		{789387BE-15F7-452C-B3AF-D15B57115E18}.Release|Any CPU.Build.0 = Release|Any CPU
	EndGlobalSection
	GlobalSection(SolutionProperties) = preSolution
		HideSolutionNode = FALSE
	EndGlobalSection
	GlobalSection(ExtensibilityGlobals) = postSolution
		SolutionGuid = {8B03FEA9-8E35-4019-88EA-AFB82D06974F}
	EndGlobalSection
EndGlobal
