
Microsoft Visual Studio Solution File, Format Version 12.00
# Visual Studio Version 17
VisualStudioVersion = 17.13.35507.96 d17.13
MinimumVisualStudioVersion = 10.0.40219.1
Project("{FAE04EC0-301F-11D3-BF4B-00C04F79EFBC}") = "D2SE.Application", "D2SE.Application\D2SE.Application.csproj", "{878F7952-FD6D-4C7B-A373-4FDFB576BDE2}"
EndProject
Project("{FAE04EC0-301F-11D3-BF4B-00C04F79EFBC}") = "D2SE.Domain", "D2SE.Domain\D2SE.Domain.csproj", "{54D50501-F4E4-44E9-8CFF-FD735EF92B05}"
EndProject
Project("{FAE04EC0-301F-11D3-BF4B-00C04F79EFBC}") = "D2SE.Infrastructure", "D2SE.Infrastructure\D2SE.Infrastructure.csproj", "{B8DB1A4C-2260-4DBD-B1B2-CEE6E925AC51}"
EndProject
Project("{FAE04EC0-301F-11D3-BF4B-00C04F79EFBC}") = "D2SE.UI", "D2SE.UI\D2SE.UI.csproj", "{A52C3FEA-85D2-411A-BC7D-21577EB7FDB1}"
EndProject
Global
	GlobalSection(SolutionConfigurationPlatforms) = preSolution
		Debug|Any CPU = Debug|Any CPU
		Release|Any CPU = Release|Any CPU
	EndGlobalSection
	GlobalSection(ProjectConfigurationPlatforms) = postSolution
		{878F7952-FD6D-4C7B-A373-4FDFB576BDE2}.Debug|Any CPU.ActiveCfg = Debug|Any CPU
		{878F7952-FD6D-4C7B-A373-4FDFB576BDE2}.Debug|Any CPU.Build.0 = Debug|Any CPU
		{878F7952-FD6D-4C7B-A373-4FDFB576BDE2}.Release|Any CPU.ActiveCfg = Release|Any CPU
		{878F7952-FD6D-4C7B-A373-4FDFB576BDE2}.Release|Any CPU.Build.0 = Release|Any CPU
		{54D50501-F4E4-44E9-8CFF-FD735EF92B05}.Debug|Any CPU.ActiveCfg = Debug|Any CPU
		{54D50501-F4E4-44E9-8CFF-FD735EF92B05}.Debug|Any CPU.Build.0 = Debug|Any CPU
		{54D50501-F4E4-44E9-8CFF-FD735EF92B05}.Release|Any CPU.ActiveCfg = Release|Any CPU
		{54D50501-F4E4-44E9-8CFF-FD735EF92B05}.Release|Any CPU.Build.0 = Release|Any CPU
		{B8DB1A4C-2260-4DBD-B1B2-CEE6E925AC51}.Debug|Any CPU.ActiveCfg = Debug|Any CPU
		{B8DB1A4C-2260-4DBD-B1B2-CEE6E925AC51}.Debug|Any CPU.Build.0 = Debug|Any CPU
		{B8DB1A4C-2260-4DBD-B1B2-CEE6E925AC51}.Release|Any CPU.ActiveCfg = Release|Any CPU
		{B8DB1A4C-2260-4DBD-B1B2-CEE6E925AC51}.Release|Any CPU.Build.0 = Release|Any CPU
		{A52C3FEA-85D2-411A-BC7D-21577EB7FDB1}.Debug|Any CPU.ActiveCfg = Debug|Any CPU
		{A52C3FEA-85D2-411A-BC7D-21577EB7FDB1}.Debug|Any CPU.Build.0 = Debug|Any CPU
		{A52C3FEA-85D2-411A-BC7D-21577EB7FDB1}.Release|Any CPU.ActiveCfg = Release|Any CPU
		{A52C3FEA-85D2-411A-BC7D-21577EB7FDB1}.Release|Any CPU.Build.0 = Release|Any CPU
	EndGlobalSection
	GlobalSection(SolutionProperties) = preSolution
		HideSolutionNode = FALSE
	EndGlobalSection
	GlobalSection(ExtensibilityGlobals) = postSolution
		SolutionGuid = {83173231-BC03-49EC-A54D-97113BECB024}
	EndGlobalSection
EndGlobal
